
Microsoft Visual Studio Solution File, Format Version 12.00
# Visual Studio 15
VisualStudioVersion = 15.0.26124.0
MinimumVisualStudioVersion = 15.0.26124.0
Project("{2150E333-8FDC-42A3-9474-1A3956D46DE8}") = "src", "src", "{A41B7B37-71F7-4EBE-BC80-6E290868D3EE}"
EndProject
Project("{FAE04EC0-301F-11D3-BF4B-00C04F79EFBC}") = "SimpleApi", "src\SimpleApi\SimpleApi.csproj", "{F5642621-61DE-4D93-89E7-19385EC4500C}"
EndProject
Project("{2150E333-8FDC-42A3-9474-1A3956D46DE8}") = "test", "test", "{C9458400-20D1-4928-8D83-886F4715F8BD}"
EndProject
Project("{FAE04EC0-301F-11D3-BF4B-00C04F79EFBC}") = "SimpleAPI.test", "test\SimpleAPI.test\SimpleAPI.test.csproj", "{60255A76-8377-4188-AC51-56D0716B65C7}"
EndProject
Global
	GlobalSection(SolutionConfigurationPlatforms) = preSolution
		Debug|Any CPU = Debug|Any CPU
		Debug|x64 = Debug|x64
		Debug|x86 = Debug|x86
		Release|Any CPU = Release|Any CPU
		Release|x64 = Release|x64
		Release|x86 = Release|x86
	EndGlobalSection
	GlobalSection(SolutionProperties) = preSolution
		HideSolutionNode = FALSE
	EndGlobalSection
	GlobalSection(ProjectConfigurationPlatforms) = postSolution
		{F5642621-61DE-4D93-89E7-19385EC4500C}.Debug|Any CPU.ActiveCfg = Debug|Any CPU
		{F5642621-61DE-4D93-89E7-19385EC4500C}.Debug|Any CPU.Build.0 = Debug|Any CPU
		{F5642621-61DE-4D93-89E7-19385EC4500C}.Debug|x64.ActiveCfg = Debug|Any CPU
		{F5642621-61DE-4D93-89E7-19385EC4500C}.Debug|x64.Build.0 = Debug|Any CPU
		{F5642621-61DE-4D93-89E7-19385EC4500C}.Debug|x86.ActiveCfg = Debug|Any CPU
		{F5642621-61DE-4D93-89E7-19385EC4500C}.Debug|x86.Build.0 = Debug|Any CPU
		{F5642621-61DE-4D93-89E7-19385EC4500C}.Release|Any CPU.ActiveCfg = Release|Any CPU
		{F5642621-61DE-4D93-89E7-19385EC4500C}.Release|Any CPU.Build.0 = Release|Any CPU
		{F5642621-61DE-4D93-89E7-19385EC4500C}.Release|x64.ActiveCfg = Release|Any CPU
		{F5642621-61DE-4D93-89E7-19385EC4500C}.Release|x64.Build.0 = Release|Any CPU
		{F5642621-61DE-4D93-89E7-19385EC4500C}.Release|x86.ActiveCfg = Release|Any CPU
		{F5642621-61DE-4D93-89E7-19385EC4500C}.Release|x86.Build.0 = Release|Any CPU
		{60255A76-8377-4188-AC51-56D0716B65C7}.Debug|Any CPU.ActiveCfg = Debug|Any CPU
		{60255A76-8377-4188-AC51-56D0716B65C7}.Debug|Any CPU.Build.0 = Debug|Any CPU
		{60255A76-8377-4188-AC51-56D0716B65C7}.Debug|x64.ActiveCfg = Debug|Any CPU
		{60255A76-8377-4188-AC51-56D0716B65C7}.Debug|x64.Build.0 = Debug|Any CPU
		{60255A76-8377-4188-AC51-56D0716B65C7}.Debug|x86.ActiveCfg = Debug|Any CPU
		{60255A76-8377-4188-AC51-56D0716B65C7}.Debug|x86.Build.0 = Debug|Any CPU
		{60255A76-8377-4188-AC51-56D0716B65C7}.Release|Any CPU.ActiveCfg = Release|Any CPU
		{60255A76-8377-4188-AC51-56D0716B65C7}.Release|Any CPU.Build.0 = Release|Any CPU
		{60255A76-8377-4188-AC51-56D0716B65C7}.Release|x64.ActiveCfg = Release|Any CPU
		{60255A76-8377-4188-AC51-56D0716B65C7}.Release|x64.Build.0 = Release|Any CPU
		{60255A76-8377-4188-AC51-56D0716B65C7}.Release|x86.ActiveCfg = Release|Any CPU
		{60255A76-8377-4188-AC51-56D0716B65C7}.Release|x86.Build.0 = Release|Any CPU
	EndGlobalSection
	GlobalSection(NestedProjects) = preSolution
		{F5642621-61DE-4D93-89E7-19385EC4500C} = {A41B7B37-71F7-4EBE-BC80-6E290868D3EE}
		{60255A76-8377-4188-AC51-56D0716B65C7} = {C9458400-20D1-4928-8D83-886F4715F8BD}
	EndGlobalSection
EndGlobal
